
Microsoft Visual Studio Solution File, Format Version 12.00
# Visual Studio Version 16
VisualStudioVersion = 16.0.30804.86
MinimumVisualStudioVersion = 10.0.40219.1
Project("{FAE04EC0-301F-11D3-BF4B-00C04F79EFBC}") = "Server", "Server\Server.csproj", "{4187AF20-51C0-43C0-B219-A52BBB6C2C5A}"
EndProject
Project("{FAE04EC0-301F-11D3-BF4B-00C04F79EFBC}") = "Client", "Client\Client.csproj", "{B3B3C331-D695-45BC-BC25-1D9B62FC4344}"
EndProject
Global
	GlobalSection(SolutionConfigurationPlatforms) = preSolution
		Debug|Any CPU = Debug|Any CPU
		Release|Any CPU = Release|Any CPU
	EndGlobalSection
	GlobalSection(ProjectConfigurationPlatforms) = postSolution
		{4187AF20-51C0-43C0-B219-A52BBB6C2C5A}.Debug|Any CPU.ActiveCfg = Debug|Any CPU
		{4187AF20-51C0-43C0-B219-A52BBB6C2C5A}.Debug|Any CPU.Build.0 = Debug|Any CPU
		{4187AF20-51C0-43C0-B219-A52BBB6C2C5A}.Release|Any CPU.ActiveCfg = Release|Any CPU
		{4187AF20-51C0-43C0-B219-A52BBB6C2C5A}.Release|Any CPU.Build.0 = Release|Any CPU
		{B3B3C331-D695-45BC-BC25-1D9B62FC4344}.Debug|Any CPU.ActiveCfg = Debug|Any CPU
		{B3B3C331-D695-45BC-BC25-1D9B62FC4344}.Debug|Any CPU.Build.0 = Debug|Any CPU
		{B3B3C331-D695-45BC-BC25-1D9B62FC4344}.Release|Any CPU.ActiveCfg = Release|Any CPU
		{B3B3C331-D695-45BC-BC25-1D9B62FC4344}.Release|Any CPU.Build.0 = Release|Any CPU
	EndGlobalSection
	GlobalSection(SolutionProperties) = preSolution
		HideSolutionNode = FALSE
	EndGlobalSection
	GlobalSection(ExtensibilityGlobals) = postSolution
		SolutionGuid = {D5F2A6C4-3A43-41FC-9D94-2560C238CE27}
	EndGlobalSection
EndGlobal
